// !$*UTF8*$!
{
	archiveVersion = 1;
	classes = {
	};
	objectVersion = 77;
	objects = {

/* Begin PBXBuildFile section */
		04FC1A24F0A7EC402891F4B0 /* SuggestionCardView.swift in Sources */ = {isa = PBXBuildFile; fileRef = 6952B98BE2FD14A7B75F4816 /* SuggestionCardView.swift */; };
		05E2FF0FDABA015B135EBC48 /* UnderlineAppearance.swift in Sources */ = {isa = PBXBuildFile; fileRef = 657F188CF98FB6C0F7094C9C /* UnderlineAppearance.swift */; };
		153F8C96B8C132ACD17285E0 /* LexiconTests.swift in Sources */ = {isa = PBXBuildFile; fileRef = 7A0C3DA6C507335404AA2F36 /* LexiconTests.swift */; };
		19F892F42AB326FE1F98D352 /* PersonalLexicon.swift in Sources */ = {isa = PBXBuildFile; fileRef = B4A478C25A74C2AA46EF948C /* PersonalLexicon.swift */; };
		1A62F65F2E026359AEE01AE8 /* DeAICore.xcframework in Frameworks */ = {isa = PBXBuildFile; fileRef = B4F224A9F7156E04BC16B873 /* DeAICore.xcframework */; };
		1E409E04070FB33A8F651F12 /* SuggestionCardPanel.swift in Sources */ = {isa = PBXBuildFile; fileRef = 66254E52FD4AA98A00E50DD1 /* SuggestionCardPanel.swift */; };
		26EFE8A97BF8A5A9D1F0D2D6 /* L10nTests.swift in Sources */ = {isa = PBXBuildFile; fileRef = 3104BB82BCB2D5F4480F037B /* L10nTests.swift */; };
		2B1090B072A5B946C7384D12 /* DeAITests.swift in Sources */ = {isa = PBXBuildFile; fileRef = B216B51B51310036CFF604E3 /* DeAITests.swift */; };
		2CD8B7E15125CFD47A7BF5DA /* SkillTests.swift in Sources */ = {isa = PBXBuildFile; fileRef = 8966EA73E43DDD35A8F1CAAE /* SkillTests.swift */; };
		308E19CC89796BB300B2C556 /* RewritePrompt.swift in Sources */ = {isa = PBXBuildFile; fileRef = 3B9C9EF2586A11E29ED59129 /* RewritePrompt.swift */; };
		32B0AC02D15B21E845D9BC70 /* AppGroups.swift in Sources */ = {isa = PBXBuildFile; fileRef = 2248647D78AC1699CFB9EDB1 /* AppGroups.swift */; };
		372966ECE3BA1B9A57B7064B /* RewriteDiff.swift in Sources */ = {isa = PBXBuildFile; fileRef = BF72C14B30E18A2FAD497226 /* RewriteDiff.swift */; };
		4537DF9DC77FBF1B1CD17BA5 /* AXElement.swift in Sources */ = {isa = PBXBuildFile; fileRef = B997158921FEFFBDF3690B66 /* AXElement.swift */; };
		48679957256D942F83327749 /* AppController.swift in Sources */ = {isa = PBXBuildFile; fileRef = 08AEA87ABCFDC937676EE5CD /* AppController.swift */; };
		4A9657312A94751AAFA91D32 /* SecretStore.swift in Sources */ = {isa = PBXBuildFile; fileRef = D6ECCCBC189810D839BBBBDB /* SecretStore.swift */; };
		4A9D11D9225870C9F9FC649D /* ProviderConfig.swift in Sources */ = {isa = PBXBuildFile; fileRef = 7D3B9A4C6E1611917FAAF08D /* ProviderConfig.swift */; };
		4E70BC20826B2F0A6B330818 /* LLMClient.swift in Sources */ = {isa = PBXBuildFile; fileRef = 1E1835E82BEF929FBAA4FFC0 /* LLMClient.swift */; };
		53AC67001400AA38D6544BE9 /* RewriteScope.swift in Sources */ = {isa = PBXBuildFile; fileRef = E5B1A3B3DD7FCE00F958A250 /* RewriteScope.swift */; };
		543B5E85FE68B05D17ABF35B /* TextTargetResolver.swift in Sources */ = {isa = PBXBuildFile; fileRef = BC8A2EF7F8118937C86B67CA /* TextTargetResolver.swift */; };
		5A3E6555CDB2F323817556A4 /* DebugUIShowcase.swift in Sources */ = {isa = PBXBuildFile; fileRef = 620319D7F40972C2D12D6898 /* DebugUIShowcase.swift */; };
		643595E12A10B7BD87DB1124 /* TextGeometry.swift in Sources */ = {isa = PBXBuildFile; fileRef = 77AC0F3149356B34758A1540 /* TextGeometry.swift */; };
		643FA5DC30F64AB69996F21C /* TextReplacer.swift in Sources */ = {isa = PBXBuildFile; fileRef = EEC94C6D7E9990F20CB3AAE5 /* TextReplacer.swift */; };
		7E171612304775F1268EAD5D /* AppSettings.swift in Sources */ = {isa = PBXBuildFile; fileRef = 4712B5A62B8F80DFDC3368E2 /* AppSettings.swift */; };
		7E2C032283696344D4CB7FAD /* SettingsView.swift in Sources */ = {isa = PBXBuildFile; fileRef = 694283D53AC8F23B940F5360 /* SettingsView.swift */; };
		7F23DB64D4129A19A6C1463B /* RewriteSkill.swift in Sources */ = {isa = PBXBuildFile; fileRef = 8F9AB40E4155129F187CCCC9 /* RewriteSkill.swift */; };
		857FF9ACF5EEDDCEEC34BDA9 /* DeAIDesign.swift in Sources */ = {isa = PBXBuildFile; fileRef = 880F92DF93466ED427FE9D36 /* DeAIDesign.swift */; };
		9AB4B38B3DDA96EAFF30BDC0 /* CheckService.swift in Sources */ = {isa = PBXBuildFile; fileRef = 35D5A0052CE6F411AC885598 /* CheckService.swift */; };
		9B85E1FE0BCC45C707FF5E75 /* ClickMonitor.swift in Sources */ = {isa = PBXBuildFile; fileRef = CC6C5930CBA4ACFE284B81B1 /* ClickMonitor.swift */; };
		AD66C67B1B110273B18198E5 /* OverlayWindow.swift in Sources */ = {isa = PBXBuildFile; fileRef = 648D3A4E6DBEA10E84D355CE /* OverlayWindow.swift */; };
		AFC4BCE8A28FD0960B5E0831 /* UnderlineRenderer.swift in Sources */ = {isa = PBXBuildFile; fileRef = E3E5FA56189A3F1B63A95795 /* UnderlineRenderer.swift */; };
		B28C2B3C7F046EB1D254A18F /* GlobalHotkey.swift in Sources */ = {isa = PBXBuildFile; fileRef = B4640EE3032368D58BF69F4B /* GlobalHotkey.swift */; };
		B96C36BB6CE722A8E5542AC7 /* RewriteTests.swift in Sources */ = {isa = PBXBuildFile; fileRef = E4C56870533B0A422F5A4478 /* RewriteTests.swift */; };
		CC0A949819225BC6F704BBF8 /* DeAICore.swift in Sources */ = {isa = PBXBuildFile; fileRef = CC1A2A9F49D4FC638F50FB12 /* DeAICore.swift */; };
		D8DC8633CAC8170AACB37EC1 /* DeAIApp.swift in Sources */ = {isa = PBXBuildFile; fileRef = AC0EB397B06D565322CAB57D /* DeAIApp.swift */; };
		D9B40DB6DA15B2AF953236A6 /* FocusTracker.swift in Sources */ = {isa = PBXBuildFile; fileRef = 9B9B656910EE1ECB8B4F7574 /* FocusTracker.swift */; };
		DEA29F5A6EFFBF3B7B75E63D /* L10n.swift in Sources */ = {isa = PBXBuildFile; fileRef = F94F0CFB94E4724B878B4CB9 /* L10n.swift */; };
		E31B1FF09123BFAF6611C6F2 /* ShortcutRecorder.swift in Sources */ = {isa = PBXBuildFile; fileRef = 8F5A0FD0012C0C98AAA740DA /* ShortcutRecorder.swift */; };
		E771A18EABF2CB2396DEE1D4 /* RewritePanel.swift in Sources */ = {isa = PBXBuildFile; fileRef = 88C5891B17763F9E5DDE37C3 /* RewritePanel.swift */; };
		EB5D8F9C032E783C4CBF8280 /* DeAITooltip.swift in Sources */ = {isa = PBXBuildFile; fileRef = 7494D25B95F90A33C89A3C22 /* DeAITooltip.swift */; };
		EF793542DDE1494985A2A042 /* ContentView.swift in Sources */ = {isa = PBXBuildFile; fileRef = A7A160E60D2C7FDD627F0103 /* ContentView.swift */; };
		F1872113783568B9CE26B68E /* ParagraphGrammarCache.swift in Sources */ = {isa = PBXBuildFile; fileRef = 5CCC5C88F697ADBCC98A01AC /* ParagraphGrammarCache.swift */; };
		FE60E33402ACCDA506FF8595 /* PermissionView.swift in Sources */ = {isa = PBXBuildFile; fileRef = 7E7DE3B50753C53D6332149B /* PermissionView.swift */; };
/* End PBXBuildFile section */

/* Begin PBXContainerItemProxy section */
		1C4A3C2AFCD3D1CE7377FAB8 /* PBXContainerItemProxy */ = {
			isa = PBXContainerItemProxy;
			containerPortal = 35D485938FBA38DD9E0F8B8A /* Project object */;
			proxyType = 1;
			remoteGlobalIDString = 62744AC0B4FB5F5080A93556;
			remoteInfo = DeAI;
		};
/* End PBXContainerItemProxy section */

/* Begin PBXFileReference section */
		08AEA87ABCFDC937676EE5CD /* AppController.swift */ = {isa = PBXFileReference; lastKnownFileType = sourcecode.swift; path = AppController.swift; sourceTree = "<group>"; };
		13D91D9F8711BE93EE3B772F /* Config-Debug.xcconfig */ = {isa = PBXFileReference; lastKnownFileType = text.xcconfig; path = "Config-Debug.xcconfig"; sourceTree = "<group>"; };
		1E1835E82BEF929FBAA4FFC0 /* LLMClient.swift */ = {isa = PBXFileReference; lastKnownFileType = sourcecode.swift; path = LLMClient.swift; sourceTree = "<group>"; };
		2248647D78AC1699CFB9EDB1 /* AppGroups.swift */ = {isa = PBXFileReference; lastKnownFileType = sourcecode.swift; path = AppGroups.swift; sourceTree = "<group>"; };
		3104BB82BCB2D5F4480F037B /* L10nTests.swift */ = {isa = PBXFileReference; lastKnownFileType = sourcecode.swift; path = L10nTests.swift; sourceTree = "<group>"; };
		35D5A0052CE6F411AC885598 /* CheckService.swift */ = {isa = PBXFileReference; lastKnownFileType = sourcecode.swift; path = CheckService.swift; sourceTree = "<group>"; };
		3B9C9EF2586A11E29ED59129 /* RewritePrompt.swift */ = {isa = PBXFileReference; lastKnownFileType = sourcecode.swift; path = RewritePrompt.swift; sourceTree = "<group>"; };
		4712B5A62B8F80DFDC3368E2 /* AppSettings.swift */ = {isa = PBXFileReference; lastKnownFileType = sourcecode.swift; path = AppSettings.swift; sourceTree = "<group>"; };
		55C01034708A5818B403025D /* DeAICoreFFI.modulemap */ = {isa = PBXFileReference; lastKnownFileType = "sourcecode.module-map"; path = DeAICoreFFI.modulemap; sourceTree = "<group>"; };
		5B481840E0EB9048B7E9802D /* DeAI.app */ = {isa = PBXFileReference; explicitFileType = wrapper.application; includeInIndex = 0; path = DeAI.app; sourceTree = BUILT_PRODUCTS_DIR; };
		5CCC5C88F697ADBCC98A01AC /* ParagraphGrammarCache.swift */ = {isa = PBXFileReference; lastKnownFileType = sourcecode.swift; path = ParagraphGrammarCache.swift; sourceTree = "<group>"; };
		620319D7F40972C2D12D6898 /* DebugUIShowcase.swift */ = {isa = PBXFileReference; lastKnownFileType = sourcecode.swift; path = DebugUIShowcase.swift; sourceTree = "<group>"; };
		648D3A4E6DBEA10E84D355CE /* OverlayWindow.swift */ = {isa = PBXFileReference; lastKnownFileType = sourcecode.swift; path = OverlayWindow.swift; sourceTree = "<group>"; };
		657F188CF98FB6C0F7094C9C /* UnderlineAppearance.swift */ = {isa = PBXFileReference; lastKnownFileType = sourcecode.swift; path = UnderlineAppearance.swift; sourceTree = "<group>"; };
		66254E52FD4AA98A00E50DD1 /* SuggestionCardPanel.swift */ = {isa = PBXFileReference; lastKnownFileType = sourcecode.swift; path = SuggestionCardPanel.swift; sourceTree = "<group>"; };
		694283D53AC8F23B940F5360 /* SettingsView.swift */ = {isa = PBXFileReference; lastKnownFileType = sourcecode.swift; path = SettingsView.swift; sourceTree = "<group>"; };
		6952B98BE2FD14A7B75F4816 /* SuggestionCardView.swift */ = {isa = PBXFileReference; lastKnownFileType = sourcecode.swift; path = SuggestionCardView.swift; sourceTree = "<group>"; };
		69E6AB48EB77ACE0AA612718 /* DeAICoreFFI.h */ = {isa = PBXFileReference; lastKnownFileType = sourcecode.c.h; path = DeAICoreFFI.h; sourceTree = "<group>"; };
		7494D25B95F90A33C89A3C22 /* DeAITooltip.swift */ = {isa = PBXFileReference; lastKnownFileType = sourcecode.swift; path = DeAITooltip.swift; sourceTree = "<group>"; };
		77AC0F3149356B34758A1540 /* TextGeometry.swift */ = {isa = PBXFileReference; lastKnownFileType = sourcecode.swift; path = TextGeometry.swift; sourceTree = "<group>"; };
		7A0C3DA6C507335404AA2F36 /* LexiconTests.swift */ = {isa = PBXFileReference; lastKnownFileType = sourcecode.swift; path = LexiconTests.swift; sourceTree = "<group>"; };
		7D3B9A4C6E1611917FAAF08D /* ProviderConfig.swift */ = {isa = PBXFileReference; lastKnownFileType = sourcecode.swift; path = ProviderConfig.swift; sourceTree = "<group>"; };
		7E7DE3B50753C53D6332149B /* PermissionView.swift */ = {isa = PBXFileReference; lastKnownFileType = sourcecode.swift; path = PermissionView.swift; sourceTree = "<group>"; };
		880F92DF93466ED427FE9D36 /* DeAIDesign.swift */ = {isa = PBXFileReference; lastKnownFileType = sourcecode.swift; path = DeAIDesign.swift; sourceTree = "<group>"; };
		88C5891B17763F9E5DDE37C3 /* RewritePanel.swift */ = {isa = PBXFileReference; lastKnownFileType = sourcecode.swift; path = RewritePanel.swift; sourceTree = "<group>"; };
		8966EA73E43DDD35A8F1CAAE /* SkillTests.swift */ = {isa = PBXFileReference; lastKnownFileType = sourcecode.swift; path = SkillTests.swift; sourceTree = "<group>"; };
		8F5A0FD0012C0C98AAA740DA /* ShortcutRecorder.swift */ = {isa = PBXFileReference; lastKnownFileType = sourcecode.swift; path = ShortcutRecorder.swift; sourceTree = "<group>"; };
		8F9AB40E4155129F187CCCC9 /* RewriteSkill.swift */ = {isa = PBXFileReference; lastKnownFileType = sourcecode.swift; path = RewriteSkill.swift; sourceTree = "<group>"; };
		9B9B656910EE1ECB8B4F7574 /* FocusTracker.swift */ = {isa = PBXFileReference; lastKnownFileType = sourcecode.swift; path = FocusTracker.swift; sourceTree = "<group>"; };
		A7A160E60D2C7FDD627F0103 /* ContentView.swift */ = {isa = PBXFileReference; lastKnownFileType = sourcecode.swift; path = ContentView.swift; sourceTree = "<group>"; };
		AC0EB397B06D565322CAB57D /* DeAIApp.swift */ = {isa = PBXFileReference; lastKnownFileType = sourcecode.swift; path = DeAIApp.swift; sourceTree = "<group>"; };
		B216B51B51310036CFF604E3 /* DeAITests.swift */ = {isa = PBXFileReference; lastKnownFileType = sourcecode.swift; path = DeAITests.swift; sourceTree = "<group>"; };
		B4640EE3032368D58BF69F4B /* GlobalHotkey.swift */ = {isa = PBXFileReference; lastKnownFileType = sourcecode.swift; path = GlobalHotkey.swift; sourceTree = "<group>"; };
		B4A478C25A74C2AA46EF948C /* PersonalLexicon.swift */ = {isa = PBXFileReference; lastKnownFileType = sourcecode.swift; path = PersonalLexicon.swift; sourceTree = "<group>"; };
		B4F224A9F7156E04BC16B873 /* DeAICore.xcframework */ = {isa = PBXFileReference; lastKnownFileType = wrapper.xcframework; name = DeAICore.xcframework; path = ../core/build/DeAICore.xcframework; sourceTree = "<group>"; };
		B997158921FEFFBDF3690B66 /* AXElement.swift */ = {isa = PBXFileReference; lastKnownFileType = sourcecode.swift; path = AXElement.swift; sourceTree = "<group>"; };
		BC8A2EF7F8118937C86B67CA /* TextTargetResolver.swift */ = {isa = PBXFileReference; lastKnownFileType = sourcecode.swift; path = TextTargetResolver.swift; sourceTree = "<group>"; };
		BF72C14B30E18A2FAD497226 /* RewriteDiff.swift */ = {isa = PBXFileReference; lastKnownFileType = sourcecode.swift; path = RewriteDiff.swift; sourceTree = "<group>"; };
		C979DF2A6F066C5067F3BD14 /* DeAITests.xctest */ = {isa = PBXFileReference; explicitFileType = wrapper.cfbundle; includeInIndex = 0; path = DeAITests.xctest; sourceTree = BUILT_PRODUCTS_DIR; };
		CC1A2A9F49D4FC638F50FB12 /* DeAICore.swift */ = {isa = PBXFileReference; lastKnownFileType = sourcecode.swift; path = DeAICore.swift; sourceTree = "<group>"; };
		CC6C5930CBA4ACFE284B81B1 /* ClickMonitor.swift */ = {isa = PBXFileReference; lastKnownFileType = sourcecode.swift; path = ClickMonitor.swift; sourceTree = "<group>"; };
		D6ECCCBC189810D839BBBBDB /* SecretStore.swift */ = {isa = PBXFileReference; lastKnownFileType = sourcecode.swift; path = SecretStore.swift; sourceTree = "<group>"; };
		E3E5FA56189A3F1B63A95795 /* UnderlineRenderer.swift */ = {isa = PBXFileReference; lastKnownFileType = sourcecode.swift; path = UnderlineRenderer.swift; sourceTree = "<group>"; };
		E4C56870533B0A422F5A4478 /* RewriteTests.swift */ = {isa = PBXFileReference; lastKnownFileType = sourcecode.swift; path = RewriteTests.swift; sourceTree = "<group>"; };
		E5B1A3B3DD7FCE00F958A250 /* RewriteScope.swift */ = {isa = PBXFileReference; lastKnownFileType = sourcecode.swift; path = RewriteScope.swift; sourceTree = "<group>"; };
		E919F1992B8CD9860E6B4C9C /* Config-Release.xcconfig */ = {isa = PBXFileReference; lastKnownFileType = text.xcconfig; path = "Config-Release.xcconfig"; sourceTree = "<group>"; };
		EEC94C6D7E9990F20CB3AAE5 /* TextReplacer.swift */ = {isa = PBXFileReference; lastKnownFileType = sourcecode.swift; path = TextReplacer.swift; sourceTree = "<group>"; };
		F94F0CFB94E4724B878B4CB9 /* L10n.swift */ = {isa = PBXFileReference; lastKnownFileType = sourcecode.swift; path = L10n.swift; sourceTree = "<group>"; };
/* End PBXFileReference section */

/* Begin PBXFrameworksBuildPhase section */
		462693A57DD1CE9E9A49ABCC /* Frameworks */ = {
			isa = PBXFrameworksBuildPhase;
			buildActionMask = 2147483647;
			files = (
				1A62F65F2E026359AEE01AE8 /* DeAICore.xcframework in Frameworks */,
			);
			runOnlyForDeploymentPostprocessing = 0;
		};
/* End PBXFrameworksBuildPhase section */

/* Begin PBXGroup section */
		0FECD8FF92624C061BF29292 /* AX */ = {
			isa = PBXGroup;
			children = (
				B997158921FEFFBDF3690B66 /* AXElement.swift */,
				9B9B656910EE1ECB8B4F7574 /* FocusTracker.swift */,
				77AC0F3149356B34758A1540 /* TextGeometry.swift */,
				EEC94C6D7E9990F20CB3AAE5 /* TextReplacer.swift */,
				BC8A2EF7F8118937C86B67CA /* TextTargetResolver.swift */,
			);
			path = AX;
			sourceTree = "<group>";
		};
		221A27F8F311E94F2E737509 /* AI */ = {
			isa = PBXGroup;
			children = (
				B4640EE3032368D58BF69F4B /* GlobalHotkey.swift */,
				1E1835E82BEF929FBAA4FFC0 /* LLMClient.swift */,
				7D3B9A4C6E1611917FAAF08D /* ProviderConfig.swift */,
				BF72C14B30E18A2FAD497226 /* RewriteDiff.swift */,
				3B9C9EF2586A11E29ED59129 /* RewritePrompt.swift */,
				E5B1A3B3DD7FCE00F958A250 /* RewriteScope.swift */,
				D6ECCCBC189810D839BBBBDB /* SecretStore.swift */,
			);
			path = AI;
			sourceTree = "<group>";
		};
		387DD37A24F1076C403D4E30 /* Frameworks */ = {
			isa = PBXGroup;
			children = (
				B4F224A9F7156E04BC16B873 /* DeAICore.xcframework */,
			);
			name = Frameworks;
			sourceTree = "<group>";
		};
		40366506EBEFAAE92BBE3814 /* App */ = {
			isa = PBXGroup;
			children = (
				08AEA87ABCFDC937676EE5CD /* AppController.swift */,
				AC0EB397B06D565322CAB57D /* DeAIApp.swift */,
			);
			path = App;
			sourceTree = "<group>";
		};
		6E19480049E659B3BA4D2FE4 = {
			isa = PBXGroup;
			children = (
				CB6C71EDAFD5B80686512E19 /* DeAI */,
				BCF4C6CBC31FD89C1C1E78D6 /* DeAITests */,
				7FEDD8DDA7AAA240331A322A /* mac */,
				EA265E43FA5202F3DA5C5C49 /* swift */,
				387DD37A24F1076C403D4E30 /* Frameworks */,
				924DB3BF2371B498FD454B17 /* Products */,
			);
			sourceTree = "<group>";
		};
		7FEDD8DDA7AAA240331A322A /* mac */ = {
			isa = PBXGroup;
			children = (
				13D91D9F8711BE93EE3B772F /* Config-Debug.xcconfig */,
				E919F1992B8CD9860E6B4C9C /* Config-Release.xcconfig */,
			);
			name = mac;
			path = .;
			sourceTree = "<group>";
		};
		8AA55475DD497BF2EF034A8E /* Onboarding */ = {
			isa = PBXGroup;
			children = (
				7E7DE3B50753C53D6332149B /* PermissionView.swift */,
			);
			path = Onboarding;
			sourceTree = "<group>";
		};
		924DB3BF2371B498FD454B17 /* Products */ = {
			isa = PBXGroup;
			children = (
				5B481840E0EB9048B7E9802D /* DeAI.app */,
				C979DF2A6F066C5067F3BD14 /* DeAITests.xctest */,
			);
			name = Products;
			sourceTree = "<group>";
		};
		937DA4A85F2B5AA25ABAA72F /* Design */ = {
			isa = PBXGroup;
			children = (
				880F92DF93466ED427FE9D36 /* DeAIDesign.swift */,
				7494D25B95F90A33C89A3C22 /* DeAITooltip.swift */,
				620319D7F40972C2D12D6898 /* DebugUIShowcase.swift */,
			);
			path = Design;
			sourceTree = "<group>";
		};
		BCF4C6CBC31FD89C1C1E78D6 /* DeAITests */ = {
			isa = PBXGroup;
			children = (
				B216B51B51310036CFF604E3 /* DeAITests.swift */,
				3104BB82BCB2D5F4480F037B /* L10nTests.swift */,
				7A0C3DA6C507335404AA2F36 /* LexiconTests.swift */,
				E4C56870533B0A422F5A4478 /* RewriteTests.swift */,
				8966EA73E43DDD35A8F1CAAE /* SkillTests.swift */,
			);
			path = DeAITests;
			sourceTree = "<group>";
		};
		CB6C71EDAFD5B80686512E19 /* DeAI */ = {
			isa = PBXGroup;
			children = (
				A7A160E60D2C7FDD627F0103 /* ContentView.swift */,
				F94F0CFB94E4724B878B4CB9 /* L10n.swift */,
				221A27F8F311E94F2E737509 /* AI */,
				40366506EBEFAAE92BBE3814 /* App */,
				0FECD8FF92624C061BF29292 /* AX */,
				CBA7251CF9F4E91ADD35F115 /* Check */,
				937DA4A85F2B5AA25ABAA72F /* Design */,
				8AA55475DD497BF2EF034A8E /* Onboarding */,
				CCA364A295EEF52D19B650F4 /* Overlay */,
				EA992A3F3940D734F9F830B2 /* Settings */,
			);
			path = DeAI;
			sourceTree = "<group>";
		};
		CBA7251CF9F4E91ADD35F115 /* Check */ = {
			isa = PBXGroup;
			children = (
				35D5A0052CE6F411AC885598 /* CheckService.swift */,
				5CCC5C88F697ADBCC98A01AC /* ParagraphGrammarCache.swift */,
			);
			path = Check;
			sourceTree = "<group>";
		};
		CCA364A295EEF52D19B650F4 /* Overlay */ = {
			isa = PBXGroup;
			children = (
				CC6C5930CBA4ACFE284B81B1 /* ClickMonitor.swift */,
				648D3A4E6DBEA10E84D355CE /* OverlayWindow.swift */,
				88C5891B17763F9E5DDE37C3 /* RewritePanel.swift */,
				66254E52FD4AA98A00E50DD1 /* SuggestionCardPanel.swift */,
				6952B98BE2FD14A7B75F4816 /* SuggestionCardView.swift */,
				E3E5FA56189A3F1B63A95795 /* UnderlineRenderer.swift */,
			);
			path = Overlay;
			sourceTree = "<group>";
		};
		EA265E43FA5202F3DA5C5C49 /* swift */ = {
			isa = PBXGroup;
			children = (
				CC1A2A9F49D4FC638F50FB12 /* DeAICore.swift */,
				69E6AB48EB77ACE0AA612718 /* DeAICoreFFI.h */,
				55C01034708A5818B403025D /* DeAICoreFFI.modulemap */,
			);
			name = swift;
			path = ../core/build/swift;
			sourceTree = "<group>";
		};
		EA992A3F3940D734F9F830B2 /* Settings */ = {
			isa = PBXGroup;
			children = (
				2248647D78AC1699CFB9EDB1 /* AppGroups.swift */,
				4712B5A62B8F80DFDC3368E2 /* AppSettings.swift */,
				B4A478C25A74C2AA46EF948C /* PersonalLexicon.swift */,
				8F9AB40E4155129F187CCCC9 /* RewriteSkill.swift */,
				694283D53AC8F23B940F5360 /* SettingsView.swift */,
				8F5A0FD0012C0C98AAA740DA /* ShortcutRecorder.swift */,
				657F188CF98FB6C0F7094C9C /* UnderlineAppearance.swift */,
			);
			path = Settings;
			sourceTree = "<group>";
		};
/* End PBXGroup section */

/* Begin PBXNativeTarget section */
		38963585F026F4F7F0EF3531 /* DeAITests */ = {
			isa = PBXNativeTarget;
			buildConfigurationList = 9E798A441CD8613AA57D398E /* Build configuration list for PBXNativeTarget "DeAITests" */;
			buildPhases = (
				D55F290D703E6F72DC232CE3 /* Sources */,
			);
			buildRules = (
			);
			dependencies = (
				EDBBCEC21D6899171ED536BC /* PBXTargetDependency */,
			);
			name = DeAITests;
			packageProductDependencies = (
			);
			productName = DeAITests;
			productReference = C979DF2A6F066C5067F3BD14 /* DeAITests.xctest */;
			productType = "com.apple.product-type.bundle.unit-test";
		};
		62744AC0B4FB5F5080A93556 /* DeAI */ = {
			isa = PBXNativeTarget;
			buildConfigurationList = 3243E37F481E7B3D0CBEA376 /* Build configuration list for PBXNativeTarget "DeAI" */;
			buildPhases = (
				6D0349E243342D2123058896 /* Sources */,
				462693A57DD1CE9E9A49ABCC /* Frameworks */,
			);
			buildRules = (
			);
			dependencies = (
			);
			name = DeAI;
			packageProductDependencies = (
			);
			productName = DeAI;
			productReference = 5B481840E0EB9048B7E9802D /* DeAI.app */;
			productType = "com.apple.product-type.application";
		};
/* End PBXNativeTarget section */

/* Begin PBXProject section */
		35D485938FBA38DD9E0F8B8A /* Project object */ = {
			isa = PBXProject;
			attributes = {
				BuildIndependentTargetsInParallel = YES;
				LastUpgradeCheck = 1430;
				TargetAttributes = {
					62744AC0B4FB5F5080A93556 = {
						ProvisioningStyle = Manual;
					};
				};
			};
			buildConfigurationList = C2E84E4C5C97684CE8B85A35 /* Build configuration list for PBXProject "DeAI" */;
			developmentRegion = en;
			hasScannedForEncodings = 0;
			knownRegions = (
				Base,
				en,
			);
			mainGroup = 6E19480049E659B3BA4D2FE4;
			minimizedProjectReferenceProxies = 1;
			preferredProjectObjectVersion = 77;
			productRefGroup = 924DB3BF2371B498FD454B17 /* Products */;
			projectDirPath = "";
			projectRoot = "";
			targets = (
				62744AC0B4FB5F5080A93556 /* DeAI */,
				38963585F026F4F7F0EF3531 /* DeAITests */,
			);
		};
/* End PBXProject section */

/* Begin PBXSourcesBuildPhase section */
		6D0349E243342D2123058896 /* Sources */ = {
			isa = PBXSourcesBuildPhase;
			buildActionMask = 2147483647;
			files = (
				4537DF9DC77FBF1B1CD17BA5 /* AXElement.swift in Sources */,
				48679957256D942F83327749 /* AppController.swift in Sources */,
				32B0AC02D15B21E845D9BC70 /* AppGroups.swift in Sources */,
				7E171612304775F1268EAD5D /* AppSettings.swift in Sources */,
				9AB4B38B3DDA96EAFF30BDC0 /* CheckService.swift in Sources */,
				9B85E1FE0BCC45C707FF5E75 /* ClickMonitor.swift in Sources */,
				EF793542DDE1494985A2A042 /* ContentView.swift in Sources */,
				D8DC8633CAC8170AACB37EC1 /* DeAIApp.swift in Sources */,
				CC0A949819225BC6F704BBF8 /* DeAICore.swift in Sources */,
				857FF9ACF5EEDDCEEC34BDA9 /* DeAIDesign.swift in Sources */,
				EB5D8F9C032E783C4CBF8280 /* DeAITooltip.swift in Sources */,
				5A3E6555CDB2F323817556A4 /* DebugUIShowcase.swift in Sources */,
				D9B40DB6DA15B2AF953236A6 /* FocusTracker.swift in Sources */,
				B28C2B3C7F046EB1D254A18F /* GlobalHotkey.swift in Sources */,
				DEA29F5A6EFFBF3B7B75E63D /* L10n.swift in Sources */,
				4E70BC20826B2F0A6B330818 /* LLMClient.swift in Sources */,
				AD66C67B1B110273B18198E5 /* OverlayWindow.swift in Sources */,
				F1872113783568B9CE26B68E /* ParagraphGrammarCache.swift in Sources */,
				FE60E33402ACCDA506FF8595 /* PermissionView.swift in Sources */,
				19F892F42AB326FE1F98D352 /* PersonalLexicon.swift in Sources */,
				4A9D11D9225870C9F9FC649D /* ProviderConfig.swift in Sources */,
				372966ECE3BA1B9A57B7064B /* RewriteDiff.swift in Sources */,
				E771A18EABF2CB2396DEE1D4 /* RewritePanel.swift in Sources */,
				308E19CC89796BB300B2C556 /* RewritePrompt.swift in Sources */,
				53AC67001400AA38D6544BE9 /* RewriteScope.swift in Sources */,
				7F23DB64D4129A19A6C1463B /* RewriteSkill.swift in Sources */,
				4A9657312A94751AAFA91D32 /* SecretStore.swift in Sources */,
				7E2C032283696344D4CB7FAD /* SettingsView.swift in Sources */,
				E31B1FF09123BFAF6611C6F2 /* ShortcutRecorder.swift in Sources */,
				1E409E04070FB33A8F651F12 /* SuggestionCardPanel.swift in Sources */,
				04FC1A24F0A7EC402891F4B0 /* SuggestionCardView.swift in Sources */,
				643595E12A10B7BD87DB1124 /* TextGeometry.swift in Sources */,
				643FA5DC30F64AB69996F21C /* TextReplacer.swift in Sources */,
				543B5E85FE68B05D17ABF35B /* TextTargetResolver.swift in Sources */,
				05E2FF0FDABA015B135EBC48 /* UnderlineAppearance.swift in Sources */,
				AFC4BCE8A28FD0960B5E0831 /* UnderlineRenderer.swift in Sources */,
			);
			runOnlyForDeploymentPostprocessing = 0;
		};
		D55F290D703E6F72DC232CE3 /* Sources */ = {
			isa = PBXSourcesBuildPhase;
			buildActionMask = 2147483647;
			files = (
				2B1090B072A5B946C7384D12 /* DeAITests.swift in Sources */,
				26EFE8A97BF8A5A9D1F0D2D6 /* L10nTests.swift in Sources */,
				153F8C96B8C132ACD17285E0 /* LexiconTests.swift in Sources */,
				B96C36BB6CE722A8E5542AC7 /* RewriteTests.swift in Sources */,
				2CD8B7E15125CFD47A7BF5DA /* SkillTests.swift in Sources */,
			);
			runOnlyForDeploymentPostprocessing = 0;
		};
/* End PBXSourcesBuildPhase section */

/* Begin PBXTargetDependency section */
		EDBBCEC21D6899171ED536BC /* PBXTargetDependency */ = {
			isa = PBXTargetDependency;
			target = 62744AC0B4FB5F5080A93556 /* DeAI */;
			targetProxy = 1C4A3C2AFCD3D1CE7377FAB8 /* PBXContainerItemProxy */;
		};
/* End PBXTargetDependency section */

/* Begin XCBuildConfiguration section */
		2771B5884E242F512AE43C88 /* Release */ = {
			isa = XCBuildConfiguration;
			buildSettings = {
				ALWAYS_SEARCH_USER_PATHS = NO;
				CLANG_ANALYZER_NONNULL = YES;
				CLANG_ANALYZER_NUMBER_OBJECT_CONVERSION = YES_AGGRESSIVE;
				CLANG_CXX_LANGUAGE_STANDARD = "gnu++14";
				CLANG_CXX_LIBRARY = "libc++";
				CLANG_ENABLE_MODULES = YES;
				CLANG_ENABLE_OBJC_ARC = YES;
				CLANG_ENABLE_OBJC_WEAK = YES;
				CLANG_WARN_BLOCK_CAPTURE_AUTORELEASING = YES;
				CLANG_WARN_BOOL_CONVERSION = YES;
				CLANG_WARN_COMMA = YES;
				CLANG_WARN_CONSTANT_CONVERSION = YES;
				CLANG_WARN_DEPRECATED_OBJC_IMPLEMENTATIONS = YES;
				CLANG_WARN_DIRECT_OBJC_ISA_USAGE = YES_ERROR;
				CLANG_WARN_DOCUMENTATION_COMMENTS = YES;
				CLANG_WARN_EMPTY_BODY = YES;
				CLANG_WARN_ENUM_CONVERSION = YES;
				CLANG_WARN_INFINITE_RECURSION = YES;
				CLANG_WARN_INT_CONVERSION = YES;
				CLANG_WARN_NON_LITERAL_NULL_CONVERSION = YES;
				CLANG_WARN_OBJC_IMPLICIT_RETAIN_SELF = YES;
				CLANG_WARN_OBJC_LITERAL_CONVERSION = YES;
				CLANG_WARN_OBJC_ROOT_CLASS = YES_ERROR;
				CLANG_WARN_QUOTED_INCLUDE_IN_FRAMEWORK_HEADER = YES;
				CLANG_WARN_RANGE_LOOP_ANALYSIS = YES;
				CLANG_WARN_STRICT_PROTOTYPES = YES;
				CLANG_WARN_SUSPICIOUS_MOVE = YES;
				CLANG_WARN_UNGUARDED_AVAILABILITY = YES_AGGRESSIVE;
				CLANG_WARN_UNREACHABLE_CODE = YES;
				CLANG_WARN__DUPLICATE_METHOD_MATCH = YES;
				COPY_PHASE_STRIP = NO;
				DEBUG_INFORMATION_FORMAT = "dwarf-with-dsym";
				ENABLE_NS_ASSERTIONS = NO;
				ENABLE_STRICT_OBJC_MSGSEND = YES;
				GCC_C_LANGUAGE_STANDARD = gnu11;
				GCC_NO_COMMON_BLOCKS = YES;
				GCC_WARN_64_TO_32_BIT_CONVERSION = YES;
				GCC_WARN_ABOUT_RETURN_TYPE = YES_ERROR;
				GCC_WARN_UNDECLARED_SELECTOR = YES;
				GCC_WARN_UNINITIALIZED_AUTOS = YES_AGGRESSIVE;
				GCC_WARN_UNUSED_FUNCTION = YES;
				GCC_WARN_UNUSED_VARIABLE = YES;
				MTL_ENABLE_DEBUG_INFO = NO;
				MTL_FAST_MATH = YES;
				PRODUCT_NAME = "$(TARGET_NAME)";
				SDKROOT = macosx;
				SWIFT_COMPILATION_MODE = wholemodule;
				SWIFT_OPTIMIZATION_LEVEL = "-O";
				SWIFT_VERSION = 5.0;
			};
			name = Release;
		};
		386E72A955BACD400366EAB9 /* Release */ = {
			isa = XCBuildConfiguration;
			buildSettings = {
				BUNDLE_LOADER = "$(TEST_HOST)";
				CODE_SIGNING_ALLOWED = NO;
				COMBINE_HIDPI_IMAGES = YES;
				LD_RUNPATH_SEARCH_PATHS = (
					"$(inherited)",
					"@executable_path/../Frameworks",
					"@loader_path/../Frameworks",
				);
				MACOSX_DEPLOYMENT_TARGET = 14.0;
				PRODUCT_BUNDLE_IDENTIFIER = com.local.deai.DeAITests;
				SDKROOT = macosx;
				SWIFT_VERSION = 5.0;
				TEST_HOST = "$(BUILT_PRODUCTS_DIR)/DeAI Debug.app/Contents/MacOS/DeAI Debug";
			};
			name = Release;
		};
		CD542337266FFFA87AFA1EA0 /* Debug */ = {
			isa = XCBuildConfiguration;
			buildSettings = {
				BUNDLE_LOADER = "$(TEST_HOST)";
				CODE_SIGNING_ALLOWED = NO;
				COMBINE_HIDPI_IMAGES = YES;
				LD_RUNPATH_SEARCH_PATHS = (
					"$(inherited)",
					"@executable_path/../Frameworks",
					"@loader_path/../Frameworks",
				);
				MACOSX_DEPLOYMENT_TARGET = 14.0;
				PRODUCT_BUNDLE_IDENTIFIER = com.local.deai.DeAITests;
				SDKROOT = macosx;
				SWIFT_VERSION = 5.0;
				TEST_HOST = "$(BUILT_PRODUCTS_DIR)/DeAI Debug.app/Contents/MacOS/DeAI Debug";
			};
			name = Debug;
		};
		DBFDBC40DD463F00138DEE7E /* Debug */ = {
			isa = XCBuildConfiguration;
			buildSettings = {
				ALWAYS_SEARCH_USER_PATHS = NO;
				CLANG_ANALYZER_NONNULL = YES;
				CLANG_ANALYZER_NUMBER_OBJECT_CONVERSION = YES_AGGRESSIVE;
				CLANG_CXX_LANGUAGE_STANDARD = "gnu++14";
				CLANG_CXX_LIBRARY = "libc++";
				CLANG_ENABLE_MODULES = YES;
				CLANG_ENABLE_OBJC_ARC = YES;
				CLANG_ENABLE_OBJC_WEAK = YES;
				CLANG_WARN_BLOCK_CAPTURE_AUTORELEASING = YES;
				CLANG_WARN_BOOL_CONVERSION = YES;
				CLANG_WARN_COMMA = YES;
				CLANG_WARN_CONSTANT_CONVERSION = YES;
				CLANG_WARN_DEPRECATED_OBJC_IMPLEMENTATIONS = YES;
				CLANG_WARN_DIRECT_OBJC_ISA_USAGE = YES_ERROR;
				CLANG_WARN_DOCUMENTATION_COMMENTS = YES;
				CLANG_WARN_EMPTY_BODY = YES;
				CLANG_WARN_ENUM_CONVERSION = YES;
				CLANG_WARN_INFINITE_RECURSION = YES;
				CLANG_WARN_INT_CONVERSION = YES;
				CLANG_WARN_NON_LITERAL_NULL_CONVERSION = YES;
				CLANG_WARN_OBJC_IMPLICIT_RETAIN_SELF = YES;
				CLANG_WARN_OBJC_LITERAL_CONVERSION = YES;
				CLANG_WARN_OBJC_ROOT_CLASS = YES_ERROR;
				CLANG_WARN_QUOTED_INCLUDE_IN_FRAMEWORK_HEADER = YES;
				CLANG_WARN_RANGE_LOOP_ANALYSIS = YES;
				CLANG_WARN_STRICT_PROTOTYPES = YES;
				CLANG_WARN_SUSPICIOUS_MOVE = YES;
				CLANG_WARN_UNGUARDED_AVAILABILITY = YES_AGGRESSIVE;
				CLANG_WARN_UNREACHABLE_CODE = YES;
				CLANG_WARN__DUPLICATE_METHOD_MATCH = YES;
				COPY_PHASE_STRIP = NO;
				DEBUG_INFORMATION_FORMAT = dwarf;
				ENABLE_STRICT_OBJC_MSGSEND = YES;
				ENABLE_TESTABILITY = YES;
				GCC_C_LANGUAGE_STANDARD = gnu11;
				GCC_DYNAMIC_NO_PIC = NO;
				GCC_NO_COMMON_BLOCKS = YES;
				GCC_OPTIMIZATION_LEVEL = 0;
				GCC_PREPROCESSOR_DEFINITIONS = (
					"$(inherited)",
					"DEBUG=1",
				);
				GCC_WARN_64_TO_32_BIT_CONVERSION = YES;
				GCC_WARN_ABOUT_RETURN_TYPE = YES_ERROR;
				GCC_WARN_UNDECLARED_SELECTOR = YES;
				GCC_WARN_UNINITIALIZED_AUTOS = YES_AGGRESSIVE;
				GCC_WARN_UNUSED_FUNCTION = YES;
				GCC_WARN_UNUSED_VARIABLE = YES;
				MTL_ENABLE_DEBUG_INFO = INCLUDE_SOURCE;
				MTL_FAST_MATH = YES;
				ONLY_ACTIVE_ARCH = YES;
				PRODUCT_NAME = "$(TARGET_NAME)";
				SDKROOT = macosx;
				SWIFT_ACTIVE_COMPILATION_CONDITIONS = DEBUG;
				SWIFT_OPTIMIZATION_LEVEL = "-Onone";
				SWIFT_VERSION = 5.0;
			};
			name = Debug;
		};
		FC0F3500E957177B7D621C22 /* Debug */ = {
			isa = XCBuildConfiguration;
			baseConfigurationReference = 13D91D9F8711BE93EE3B772F /* Config-Debug.xcconfig */;
			buildSettings = {
				ASSETCATALOG_COMPILER_APPICON_NAME = AppIcon;
				CODE_SIGNING_ALLOWED = YES;
				COMBINE_HIDPI_IMAGES = YES;
				ENABLE_HARDENED_RUNTIME = NO;
				ENABLE_TESTABILITY = YES;
				FRAMEWORK_SEARCH_PATHS = (
					"$(inherited)",
					"\"../core/build\"",
				);
				GENERATE_INFOPLIST_FILE = YES;
				INFOPLIST_KEY_LSUIElement = YES;
				LD_RUNPATH_SEARCH_PATHS = (
					"$(inherited)",
					"@executable_path/../Frameworks",
				);
				MACOSX_DEPLOYMENT_TARGET = 14.0;
				PRODUCT_BUNDLE_IDENTIFIER = com.local.deai.debug;
				PRODUCT_MODULE_NAME = DeAI;
				PRODUCT_NAME = "DeAI Debug";
				SDKROOT = macosx;
				SWIFT_VERSION = 5.0;
			};
			name = Debug;
		};
		FC38BA1266BC0A77C3F24F84 /* Release */ = {
			isa = XCBuildConfiguration;
			baseConfigurationReference = E919F1992B8CD9860E6B4C9C /* Config-Release.xcconfig */;
			buildSettings = {
				ASSETCATALOG_COMPILER_APPICON_NAME = AppIcon;
				CODE_SIGNING_ALLOWED = YES;
				COMBINE_HIDPI_IMAGES = YES;
				ENABLE_HARDENED_RUNTIME = NO;
				ENABLE_TESTABILITY = YES;
				FRAMEWORK_SEARCH_PATHS = (
					"$(inherited)",
					"\"../core/build\"",
				);
				GENERATE_INFOPLIST_FILE = YES;
				INFOPLIST_KEY_LSUIElement = YES;
				LD_RUNPATH_SEARCH_PATHS = (
					"$(inherited)",
					"@executable_path/../Frameworks",
				);
				MACOSX_DEPLOYMENT_TARGET = 14.0;
				PRODUCT_BUNDLE_IDENTIFIER = com.local.deai;
				SDKROOT = macosx;
				SWIFT_VERSION = 5.0;
			};
			name = Release;
		};
/* End XCBuildConfiguration section */

/* Begin XCConfigurationList section */
		3243E37F481E7B3D0CBEA376 /* Build configuration list for PBXNativeTarget "DeAI" */ = {
			isa = XCConfigurationList;
			buildConfigurations = (
				FC0F3500E957177B7D621C22 /* Debug */,
				FC38BA1266BC0A77C3F24F84 /* Release */,
			);
			defaultConfigurationIsVisible = 0;
			defaultConfigurationName = Debug;
		};
		9E798A441CD8613AA57D398E /* Build configuration list for PBXNativeTarget "DeAITests" */ = {
			isa = XCConfigurationList;
			buildConfigurations = (
				CD542337266FFFA87AFA1EA0 /* Debug */,
				386E72A955BACD400366EAB9 /* Release */,
			);
			defaultConfigurationIsVisible = 0;
			defaultConfigurationName = Debug;
		};
		C2E84E4C5C97684CE8B85A35 /* Build configuration list for PBXProject "DeAI" */ = {
			isa = XCConfigurationList;
			buildConfigurations = (
				DBFDBC40DD463F00138DEE7E /* Debug */,
				2771B5884E242F512AE43C88 /* Release */,
			);
			defaultConfigurationIsVisible = 0;
			defaultConfigurationName = Debug;
		};
/* End XCConfigurationList section */
	};
	rootObject = 35D485938FBA38DD9E0F8B8A /* Project object */;
}
